[[tools."github:golangci/golangci-lint"]]
version = "2.10.1"
backend = "github:golangci/golangci-lint"
"platforms.linux-arm64" = { checksum = "sha256:6652b42ae02915eb2f9cb2a2e0cac99514c8eded8388d88ae3e06e1a52c00de8", url = "https://github.com/golangci/golangci-lint/releases/download/v2.10.1/golangci-lint-2.10.1-linux-arm64.tar.gz", url_api = "https://api.github.com/repos/golangci/golangci-lint/releases/assets/357410046"}
"platforms.linux-x64" = { checksum = "sha256:dfa775874cf0561b404a02a8f4481fc69b28091da95aa697259820d429b09c99", url = "https://github.com/golangci/golangci-lint/releases/download/v2.10.1/golangci-lint-2.10.1-linux-amd64.tar.gz", url_api = "https://api.github.com/repos/golangci/golangci-lint/releases/assets/357410026"}
"platforms.macos-arm64" = { checksum = "sha256:03bfadf67e52b441b7ec21305e501c717df93c959836d66c7f97312654acb297", url = "https://github.com/golangci/golangci-lint/releases/download/v2.10.1/golangci-lint-2.10.1-darwin-arm64.tar.gz", url_api = "https://api.github.com/repos/golangci/golangci-lint/releases/assets/357409949"}
"platforms.macos-x64" = { checksum = "sha256:66fb0da81b8033b477f97eea420d4b46b230ca172b8bb87c6610109f3772b6b6", url = "https://github.com/golangci/golangci-lint/releases/download/v2.10.1/golangci-lint-2.10.1-darwin-amd64.tar.gz", url_api = "https://api.github.com/repos/golangci/golangci-lint/releases/assets/357409918"}
"platforms.windows-x64" = { checksum = "sha256:c60c87695e79db8e320f0e5be885059859de52bb5ee5f11be5577828570bc2a3", url = "https://github.com/golangci/golangci-lint/releases/download/v2.10.1/golangci-lint-2.10.1-windows-amd64.zip", url_api = "https://api.github.com/repos/golangci/golangci-lint/releases/assets/357409946"}

[[tools."github:houseabsolute/precious"]]
version = "0.10.2"
backend = "github:houseabsolute/precious"
"platforms.linux-arm64" = { checksum = "sha256:8fbaead9f9626170549c3121e67d1bc81193b3bb086e29576f548aefa839fcc4", url = "https://github.com/houseabsolute/precious/releases/download/v0.10.2/precious-Linux-musl-arm64.tar.gz", url_api = "https://api.github.com/repos/houseabsolute/precious/releases/assets/345520042"}
"platforms.linux-x64" = { checksum = "sha256:3d717d906db338f63017766b07982dc9055773e1b3bec6d3f432d1f0ad9676bb", url = "https://github.com/houseabsolute/precious/releases/download/v0.10.2/precious-Linux-musl-x86_64.tar.gz", url_api = "https://api.github.com/repos/houseabsolute/precious/releases/assets/345519861"}
"platforms.macos-arm64" = { checksum = "sha256:04157c64459bb6ab029295b21b112077040ad2575b34508d84b19a839551cddb", url = "https://github.com/houseabsolute/precious/releases/download/v0.10.2/precious-macOS-arm64.tar.gz", url_api = "https://api.github.com/repos/houseabsolute/precious/releases/assets/345519985"}
"platforms.macos-x64" = { checksum = "sha256:9932defd246d0771530357463bdb55582557fd7381853cb4dc2074e36ad0cc84", url = "https://github.com/houseabsolute/precious/releases/download/v0.10.2/precious-macOS-x86_64.tar.gz", url_api = "https://api.github.com/repos/houseabsolute/precious/releases/assets/345519772"}
"platforms.windows-x64" = { checksum = "sha256:9d683d1730e302c646ccb90a23d313e7a548c8b23b5abf7d24e19ff6befe763d", url = "https://github.com/houseabsolute/precious/releases/download/v0.10.2/precious-Windows-msvc-x86_64.zip", url_api = "https://api.github.com/repos/houseabsolute/precious/releases/assets/345520544"}

[[tools.go]]
version = "1.26.0"
backend = "core:go"
"platforms.linux-arm64" = { checksum = "sha256:bd03b743eb6eb4193ea3c3fd3956546bf0e3ca5b7076c8226334afe6b75704cd", url = "https://dl.google.com/go/go1.26.0.linux-arm64.tar.gz"}
"platforms.linux-x64" = { checksum = "sha256:aac1b08a0fb0c4e0a7c1555beb7b59180b05dfc5a3d62e40e9de90cd42f88235", url = "https://dl.google.com/go/go1.26.0.linux-amd64.tar.gz"}
"platforms.macos-arm64" = { checksum = "sha256:b1640525dfe68f066d56f200bef7bf4dce955a1a893bd061de6754c211431023", url = "https://dl.google.com/go/go1.26.0.darwin-arm64.tar.gz"}
"platforms.macos-x64" = { checksum = "sha256:1ca28b7703cbea05a65b2a1d92d6b308610ef92f8824578a0874f2e60c9d5a22", url = "https://dl.google.com/go/go1.26.0.darwin-amd64.tar.gz"}
"platforms.windows-x64" = { checksum = "sha256:9bbe0fc64236b2b51f6255c05c4232532b8ecc0e6d2e00950bd3021d8a4d07d4", url = "https://dl.google.com/go/go1.26.0.windows-amd64.zip"}

[[tools.hugo]]
version = "0.157.0"
backend = "aqua:gohugoio/hugo"
"platforms.linux-arm64" = { checksum = "sha256:b2c1b5f097692b55f5cd9fa6bee30db42c03252056b9efa079f8f4a5f18a78fd", url = "https://github.com/gohugoio/hugo/releases/download/v0.157.0/hugo_0.157.0_linux-arm64.tar.gz"}
"platforms.linux-x64" = { checksum = "sha256:78e0a49ec4fb32bfac70a06028297f79b3273fb7e2475eb7ffa1bc208f4c2552", url = "https://github.com/gohugoio/hugo/releases/download/v0.157.0/hugo_0.157.0_linux-amd64.tar.gz"}
"platforms.macos-arm64" = { checksum = "sha256:6511dcf952e7b414a2b6defd269e16821d06dbe8e39025e9c5a402a88ea1634a", url = "https://github.com/gohugoio/hugo/releases/download/v0.157.0/hugo_0.157.0_darwin-universal.pkg"}
"platforms.macos-x64" = { checksum = "sha256:6511dcf952e7b414a2b6defd269e16821d06dbe8e39025e9c5a402a88ea1634a", url = "https://github.com/gohugoio/hugo/releases/download/v0.157.0/hugo_0.157.0_darwin-universal.pkg"}
"platforms.windows-x64" = { checksum = "sha256:3aaf98a9f504047fb7f2d5c01c649012a9763e02c60dcc30f56342b8bfa0caac", url = "https://github.com/gohugoio/hugo/releases/download/v0.157.0/hugo_0.157.0_windows-amd64.zip"}

[[tools.node]]
version = "25.7.0"
backend = "core:node"
"platforms.linux-arm64" = { checksum = "sha256:3a73c9145547b5d2e29491b0ed6a37b95306b784eb83cdb2361f1e2e76fa237f", url = "https://nodejs.org/dist/v25.7.0/node-v25.7.0-linux-arm64.tar.gz"}
"platforms.linux-x64" = { checksum = "sha256:033ad3a740d62d3c7e3aaa1fecfeec16a719d4af33ab030666bf171057b070d9", url = "https://nodejs.org/dist/v25.7.0/node-v25.7.0-linux-x64.tar.gz"}
"platforms.macos-arm64" = { checksum = "sha256:d4e3cfe5e6bddda41ba0c683e37329632465b93371ddc538c763578758d5bc35", url = "https://nodejs.org/dist/v25.7.0/node-v25.7.0-darwin-arm64.tar.gz"}
"platforms.macos-x64" = { checksum = "sha256:f83929f4a84ae5a88c2a5333466b100dd101658063592497626ae9eea15b3b1b", url = "https://nodejs.org/dist/v25.7.0/node-v25.7.0-darwin-x64.tar.gz"}
"platforms.windows-x64" = { checksum = "sha256:4a66eac416c30474fe9c3f0ef7d4ffc85a8797cbc35f6b8566dfbce02789a9c4", url = "https://nodejs.org/dist/v25.7.0/node-v25.7.0-win-x64.zip"}

[[tools."npm:prettier"]]
version = "3.8.1"
backend = "npm:prettier"
